
Microsoft Visual Studio Solution File, Format Version 12.00
# Visual Studio Version 17
VisualStudioVersion = 17.8.34511.84
MinimumVisualStudioVersion = 10.0.40219.1
Project("{FAE04EC0-301F-11D3-BF4B-00C04F79EFBC}") = "ATV6_CJ3022544", "ATV6_CJ3022544\ATV6_CJ3022544.csproj", "{9BB6495C-68B6-46A1-875D-86C11738CB4E}"
EndProject
Global
	GlobalSection(SolutionConfigurationPlatforms) = preSolution
		Debug|Any CPU = Debug|Any CPU
		Release|Any CPU = Release|Any CPU
	EndGlobalSection
	GlobalSection(ProjectConfigurationPlatforms) = postSolution
		{9BB6495C-68B6-46A1-875D-86C11738CB4E}.Debug|Any CPU.ActiveCfg = Debug|Any CPU
		{9BB6495C-68B6-46A1-875D-86C11738CB4E}.Debug|Any CPU.Build.0 = Debug|Any CPU
		{9BB6495C-68B6-46A1-875D-86C11738CB4E}.Release|Any CPU.ActiveCfg = Release|Any CPU
		{9BB6495C-68B6-46A1-875D-86C11738CB4E}.Release|Any CPU.Build.0 = Release|Any CPU
	EndGlobalSection
	GlobalSection(SolutionProperties) = preSolution
		HideSolutionNode = FALSE
	EndGlobalSection
	GlobalSection(ExtensibilityGlobals) = postSolution
		SolutionGuid = {5F9E4FE5-3102-45C2-890B-24FEC12F0156}
	EndGlobalSection
EndGlobal
